{
	"name": "zoninator",
	"version": "0.10.0",
	"lockfileVersion": 3,
	"requires": true,
	"packages": {
		"": {
			"name": "zoninator",
			"version": "0.9.0",
			"license": "GPL-2.0-or-later",
			"devDependencies": {
				"mixtape": "git+https://github.com/Automattic/mixtape.git#3a8440",
				"version-bump-prompt": "^6.1.0"
			}
		},
		"node_modules/@jsdevtools/ez-spawn": {
			"version": "3.0.4",
			"resolved": "https://registry.npmjs.org/@jsdevtools/ez-spawn/-/ez-spawn-3.0.4.tgz",
			"integrity": "sha512-f5DRIOZf7wxogefH03RjMPMdBF7ADTWUMoOs9kaJo06EfwF+aFhMZMDZxHg/Xe12hptN9xoZjGso2fdjapBRIA==",
			"dev": true,
			"dependencies": {
				"call-me-maybe": "^1.0.1",
				"cross-spawn": "^7.0.3",
				"string-argv": "^0.3.1",
				"type-detect": "^4.0.8"
			},
			"engines": {
				"node": ">=10"
			}
		},
		"node_modules/@jsdevtools/version-bump-prompt": {
			"version": "6.1.0",
			"resolved": "https://registry.npmjs.org/@jsdevtools/version-bump-prompt/-/version-bump-prompt-6.1.0.tgz",
			"integrity": "sha512-NJFLJRiD3LLFBgSxAb6B255xhWCGgdtzmh6UjHK2b7SRGX2DDKJH5O4BJ0GTStBu4NnaNgMbkr1TLW3pLOBkOQ==",
			"dev": true,
			"dependencies": {
				"@jsdevtools/ez-spawn": "^3.0.4",
				"command-line-args": "^5.1.1",
				"detect-indent": "^6.0.0",
				"detect-newline": "^3.1.0",
				"globby": "^11.0.1",
				"inquirer": "^7.3.3",
				"log-symbols": "^4.0.0",
				"semver": "^7.3.2"
			},
			"bin": {
				"bump": "bin/bump.js"
			},
			"engines": {
				"node": ">=10"
			}
		},
		"node_modules/@jsdevtools/version-bump-prompt/node_modules/ansi-escapes": {
			"version": "4.3.2",
			"resolved": "https://registry.npmjs.org/ansi-escapes/-/ansi-escapes-4.3.2.tgz",
			"integrity": "sha512-gKXj5ALrKWQLsYG9jlTRmR/xKluxHV+Z9QEwNIgCfM1/uwPMCuzVVnh5mwTd+OuBZcwSIMbqssNWRm1lE51QaQ==",
			"dev": true,
			"dependencies": {
				"type-fest": "^0.21.3"
			},
			"engines": {
				"node": ">=8"
			},
			"funding": {
				"url": "https://github.com/sponsors/sindresorhus"
			}
		},
		"node_modules/@jsdevtools/version-bump-prompt/node_modules/ansi-regex": {
			"version": "5.0.1",
			"resolved": "https://registry.npmjs.org/ansi-regex/-/ansi-regex-5.0.1.tgz",
			"integrity": "sha512-quJQXlTSUGL2LH9SUXo8VwsY4soanhgo6LNSm84E1LBcE8s3O0wpdiRzyR9z/ZZJMlMWv37qOOb9pdJlMUEKFQ==",
			"dev": true,
			"engines": {
				"node": ">=8"
			}
		},
		"node_modules/@jsdevtools/version-bump-prompt/node_modules/ansi-styles": {
			"version": "4.3.0",
			"resolved": "https://registry.npmjs.org/ansi-styles/-/ansi-styles-4.3.0.tgz",
			"integrity": "sha512-zbB9rCJAT1rbjiVDb2hqKFHNYLxgtk8NURxZ3IZwD3F6NtxbXZQCnnSi1Lkx+IDohdPlFp222wVALIheZJQSEg==",
			"dev": true,
			"dependencies": {
				"color-convert": "^2.0.1"
			},
			"engines": {
				"node": ">=8"
			},
			"funding": {
				"url": "https://github.com/chalk/ansi-styles?sponsor=1"
			}
		},
		"node_modules/@jsdevtools/version-bump-prompt/node_modules/chalk": {
			"version": "4.1.2",
			"resolved": "https://registry.npmjs.org/chalk/-/chalk-4.1.2.tgz",
			"integrity": "sha512-oKnbhFyRIXpUuez8iBMmyEa4nbj4IOQyuhc/wy9kY7/WVPcwIO9VA668Pu8RkO7+0G76SLROeyw9CpQ061i4mA==",
			"dev": true,
			"dependencies": {
				"ansi-styles": "^4.1.0",
				"supports-color": "^7.1.0"
			},
			"engines": {
				"node": ">=10"
			},
			"funding": {
				"url": "https://github.com/chalk/chalk?sponsor=1"
			}
		},
		"node_modules/@jsdevtools/version-bump-prompt/node_modules/chardet": {
			"version": "0.7.0",
			"resolved": "https://registry.npmjs.org/chardet/-/chardet-0.7.0.tgz",
			"integrity": "sha512-mT8iDcrh03qDGRRmoA2hmBJnxpllMR+0/0qlzjqZES6NdiWDcZkCNAk4rPFZ9Q85r27unkiNNg8ZOiwZXBHwcA==",
			"dev": true
		},
		"node_modules/@jsdevtools/version-bump-prompt/node_modules/cli-cursor": {
			"version": "3.1.0",
			"resolved": "https://registry.npmjs.org/cli-cursor/-/cli-cursor-3.1.0.tgz",
			"integrity": "sha512-I/zHAwsKf9FqGoXM4WWRACob9+SNukZTd94DWF57E4toouRulbCxcUh6RKUEOQlYTHJnzkPMySvPNaaSLNfLZw==",
			"dev": true,
			"dependencies": {
				"restore-cursor": "^3.1.0"
			},
			"engines": {
				"node": ">=8"
			}
		},
		"node_modules/@jsdevtools/version-bump-prompt/node_modules/cli-width": {
			"version": "3.0.0",
			"resolved": "https://registry.npmjs.org/cli-width/-/cli-width-3.0.0.tgz",
			"integrity": "sha512-FxqpkPPwu1HjuN93Omfm4h8uIanXofW0RxVEW3k5RKx+mJJYSthzNhp32Kzxxy3YAEZ/Dc/EWN1vZRY0+kOhbw==",
			"dev": true,
			"engines": {
				"node": ">= 10"
			}
		},
		"node_modules/@jsdevtools/version-bump-prompt/node_modules/color-convert": {
			"version": "2.0.1",
			"resolved": "https://registry.npmjs.org/color-convert/-/color-convert-2.0.1.tgz",
			"integrity": "sha512-RRECPsj7iu/xb5oKYcsFHSppFNnsj/52OVTRKb4zP5onXwVF3zVmmToNcOfGC+CRDpfK/U584fMg38ZHCaElKQ==",
			"dev": true,
			"dependencies": {
				"color-name": "~1.1.4"
			},
			"engines": {
				"node": ">=7.0.0"
			}
		},
		"node_modules/@jsdevtools/version-bump-prompt/node_modules/color-name": {
			"version": "1.1.4",
			"resolved": "https://registry.npmjs.org/color-name/-/color-name-1.1.4.tgz",
			"integrity": "sha512-dOy+3AuW3a2wNbZHIuMZpTcgjGuLU/uBL/ubcZF9OXbDo8ff4O8yVp5Bf0efS8uEoYo5q4Fx7dY9OgQGXgAsQA==",
			"dev": true
		},
		"node_modules/@jsdevtools/version-bump-prompt/node_modules/external-editor": {
			"version": "3.1.0",
			"resolved": "https://registry.npmjs.org/external-editor/-/external-editor-3.1.0.tgz",
			"integrity": "sha512-hMQ4CX1p1izmuLYyZqLMO/qGNw10wSv9QDCPfzXfyFrOaCSSoRfqE1Kf1s5an66J5JZC62NewG+mK49jOCtQew==",
			"dev": true,
			"dependencies": {
				"chardet": "^0.7.0",
				"iconv-lite": "^0.4.24",
				"tmp": "^0.0.33"
			},
			"engines": {
				"node": ">=4"
			}
		},
		"node_modules/@jsdevtools/version-bump-prompt/node_modules/figures": {
			"version": "3.2.0",
			"resolved": "https://registry.npmjs.org/figures/-/figures-3.2.0.tgz",
			"integrity": "sha512-yaduQFRKLXYOGgEn6AZau90j3ggSOyiqXU0F9JZfeXYhNa+Jk4X+s45A2zg5jns87GAFa34BBm2kXw4XpNcbdg==",
			"dev": true,
			"dependencies": {
				"escape-string-regexp": "^1.0.5"
			},
			"engines": {
				"node": ">=8"
			},
			"funding": {
				"url": "https://github.com/sponsors/sindresorhus"
			}
		},
		"node_modules/@jsdevtools/version-bump-prompt/node_modules/has-flag": {
			"version": "4.0.0",
			"resolved": "https://registry.npmjs.org/has-flag/-/has-flag-4.0.0.tgz",
			"integrity": "sha512-EykJT/Q1KjTWctppgIAgfSO0tKVuZUjhgMr17kqTumMl6Afv3EISleU7qZUzoXDFTAHTDC4NOoG/ZxU3EvlMPQ==",
			"dev": true,
			"engines": {
				"node": ">=8"
			}
		},
		"node_modules/@jsdevtools/version-bump-prompt/node_modules/inquirer": {
			"version": "7.3.3",
			"resolved": "https://registry.npmjs.org/inquirer/-/inquirer-7.3.3.tgz",
			"integrity": "sha512-JG3eIAj5V9CwcGvuOmoo6LB9kbAYT8HXffUl6memuszlwDC/qvFAJw49XJ5NROSFNPxp3iQg1GqkFhaY/CR0IA==",
			"dev": true,
			"dependencies": {
				"ansi-escapes": "^4.2.1",
				"chalk": "^4.1.0",
				"cli-cursor": "^3.1.0",
				"cli-width": "^3.0.0",
				"external-editor": "^3.0.3",
				"figures": "^3.0.0",
				"lodash": "^4.17.19",
				"mute-stream": "0.0.8",
				"run-async": "^2.4.0",
				"rxjs": "^6.6.0",
				"string-width": "^4.1.0",
				"strip-ansi": "^6.0.0",
				"through": "^2.3.6"
			},
			"engines": {
				"node": ">=8.0.0"
			}
		},
		"node_modules/@jsdevtools/version-bump-prompt/node_modules/is-fullwidth-code-point": {
			"version": "3.0.0",
			"resolved": "https://registry.npmjs.org/is-fullwidth-code-point/-/is-fullwidth-code-point-3.0.0.tgz",
			"integrity": "sha512-zymm5+u+sCsSWyD9qNaejV3DFvhCKclKdizYaJUuHA83RLjb7nSuGnddCHGv0hk+KY7BMAlsWeK4Ueg6EV6XQg==",
			"dev": true,
			"engines": {
				"node": ">=8"
			}
		},
		"node_modules/@jsdevtools/version-bump-prompt/node_modules/mimic-fn": {
			"version": "2.1.0",
			"resolved": "https://registry.npmjs.org/mimic-fn/-/mimic-fn-2.1.0.tgz",
			"integrity": "sha512-OqbOk5oEQeAZ8WXWydlu9HJjz9WVdEIvamMCcXmuqUYjTknH/sqsWvhQ3vgwKFRR1HpjvNBKQ37nbJgYzGqGcg==",
			"dev": true,
			"engines": {
				"node": ">=6"
			}
		},
		"node_modules/@jsdevtools/version-bump-prompt/node_modules/mute-stream": {
			"version": "0.0.8",
			"resolved": "https://registry.npmjs.org/mute-stream/-/mute-stream-0.0.8.tgz",
			"integrity": "sha512-nnbWWOkoWyUsTjKrhgD0dcz22mdkSnpYqbEjIm2nhwhuxlSkpywJmBo8h0ZqJdkp73mb90SssHkN4rsRaBAfAA==",
			"dev": true
		},
		"node_modules/@jsdevtools/version-bump-prompt/node_modules/onetime": {
			"version": "5.1.2",
			"resolved": "https://registry.npmjs.org/onetime/-/onetime-5.1.2.tgz",
			"integrity": "sha512-kbpaSSGJTWdAY5KPVeMOKXSrPtr8C8C7wodJbcsd51jRnmD+GZu8Y0VoU6Dm5Z4vWr0Ig/1NKuWRKf7j5aaYSg==",
			"dev": true,
			"dependencies": {
				"mimic-fn": "^2.1.0"
			},
			"engines": {
				"node": ">=6"
			},
			"funding": {
				"url": "https://github.com/sponsors/sindresorhus"
			}
		},
		"node_modules/@jsdevtools/version-bump-prompt/node_modules/restore-cursor": {
			"version": "3.1.0",
			"resolved": "https://registry.npmjs.org/restore-cursor/-/restore-cursor-3.1.0.tgz",
			"integrity": "sha512-l+sSefzHpj5qimhFSE5a8nufZYAM3sBSVMAPtYkmC+4EH2anSGaEMXSD0izRQbu9nfyQ9y5JrVmp7E8oZrUjvA==",
			"dev": true,
			"dependencies": {
				"onetime": "^5.1.0",
				"signal-exit": "^3.0.2"
			},
			"engines": {
				"node": ">=8"
			}
		},
		"node_modules/@jsdevtools/version-bump-prompt/node_modules/string-width": {
			"version": "4.2.3",
			"resolved": "https://registry.npmjs.org/string-width/-/string-width-4.2.3.tgz",
			"integrity": "sha512-wKyQRQpjJ0sIp62ErSZdGsjMJWsap5oRNihHhu6G7JVO/9jIB6UyevL+tXuOqrng8j/cxKTWyWUwvSTriiZz/g==",
			"dev": true,
			"dependencies": {
				"emoji-regex": "^8.0.0",
				"is-fullwidth-code-point": "^3.0.0",
				"strip-ansi": "^6.0.1"
			},
			"engines": {
				"node": ">=8"
			}
		},
		"node_modules/@jsdevtools/version-bump-prompt/node_modules/strip-ansi": {
			"version": "6.0.1",
			"resolved": "https://registry.npmjs.org/strip-ansi/-/strip-ansi-6.0.1.tgz",
			"integrity": "sha512-Y38VPSHcqkFrCpFnQ9vuSXmquuv5oXOKpGeT6aGrr3o3Gc9AlVa6JBfUSOCnbxGGZF+/0ooI7KrPuUSztUdU5A==",
			"dev": true,
			"dependencies": {
				"ansi-regex": "^5.0.1"
			},
			"engines": {
				"node": ">=8"
			}
		},
		"node_modules/@jsdevtools/version-bump-prompt/node_modules/supports-color": {
			"version": "7.2.0",
			"resolved": "https://registry.npmjs.org/supports-color/-/supports-color-7.2.0.tgz",
			"integrity": "sha512-qpCAvRl9stuOHveKsn7HncJRvv501qIacKzQlO/+Lwxc9+0q2wLyv4Dfvt80/DPn2pqOBsJdDiogXGR9+OvwRw==",
			"dev": true,
			"dependencies": {
				"has-flag": "^4.0.0"
			},
			"engines": {
				"node": ">=8"
			}
		},
		"node_modules/@nodelib/fs.scandir": {
			"version": "2.1.5",
			"resolved": "https://registry.npmjs.org/@nodelib/fs.scandir/-/fs.scandir-2.1.5.tgz",
			"integrity": "sha512-vq24Bq3ym5HEQm2NKCr3yXDwjc7vTsEThRDnkp2DK9p1uqLR+DHurm/NOTo0KG7HYHU7eppKZj3MyqYuMBf62g==",
			"dev": true,
			"dependencies": {
				"@nodelib/fs.stat": "2.0.5",
				"run-parallel": "^1.1.9"
			},
			"engines": {
				"node": ">= 8"
			}
		},
		"node_modules/@nodelib/fs.stat": {
			"version": "2.0.5",
			"resolved": "https://registry.npmjs.org/@nodelib/fs.stat/-/fs.stat-2.0.5.tgz",
			"integrity": "sha512-RkhPPp2zrqDAQA/2jNhnztcPAlv64XdhIp7a7454A5ovI7Bukxgt7MX7udwAu3zg1DcpPU0rz3VV1SeaqvY4+A==",
			"dev": true,
			"engines": {
				"node": ">= 8"
			}
		},
		"node_modules/@nodelib/fs.walk": {
			"version": "1.2.8",
			"resolved": "https://registry.npmjs.org/@nodelib/fs.walk/-/fs.walk-1.2.8.tgz",
			"integrity": "sha512-oGB+UxlgWcgQkgwo8GcEGwemoTFt3FIO9ababBmaGwXIoBKZ+GTy0pP185beGg7Llih/NSHSV2XAs1lnznocSg==",
			"dev": true,
			"dependencies": {
				"@nodelib/fs.scandir": "2.1.5",
				"fastq": "^1.6.0"
			},
			"engines": {
				"node": ">= 8"
			}
		},
		"node_modules/ansi-escapes": {
			"version": "3.2.0",
			"resolved": "https://registry.npmjs.org/ansi-escapes/-/ansi-escapes-3.2.0.tgz",
			"integrity": "sha512-cBhpre4ma+U0T1oM5fXg7Dy1Jw7zzwv7lt/GoCpr+hDQJoYnKVPLL4dCvSEFMmQurOQvSrwT7SL/DAlhBI97RQ==",
			"dev": true,
			"engines": {
				"node": ">=4"
			}
		},
		"node_modules/ansi-regex": {
			"version": "3.0.1",
			"resolved": "https://registry.npmjs.org/ansi-regex/-/ansi-regex-3.0.1.tgz",
			"integrity": "sha512-+O9Jct8wf++lXxxFc4hc8LsjaSq0HFzzL7cVsw8pRDIPdjKD2mT4ytDZlLuSBZ4cLKZFXIrMGO7DbQCtMJJMKw==",
			"dev": true,
			"engines": {
				"node": ">=4"
			}
		},
		"node_modules/ansi-styles": {
			"version": "3.2.1",
			"resolved": "https://registry.npmjs.org/ansi-styles/-/ansi-styles-3.2.1.tgz",
			"integrity": "sha512-VT0ZI6kZRdTh8YyJw3SMbYm/u+NqfsAxEpWO0Pf9sq8/e94WxxOpPKx9FR1FlyCtOVDNOQ+8ntlqFxiRc+r5qA==",
			"dev": true,
			"dependencies": {
				"color-convert": "^1.9.0"
			},
			"engines": {
				"node": ">=4"
			}
		},
		"node_modules/array-back": {
			"version": "3.1.0",
			"resolved": "https://registry.npmjs.org/array-back/-/array-back-3.1.0.tgz",
			"integrity": "sha512-TkuxA4UCOvxuDK6NZYXCalszEzj+TLszyASooky+i742l9TqsOdYCMJJupxRic61hwquNtppB3hgcuq9SVSH1Q==",
			"dev": true,
			"engines": {
				"node": ">=6"
			}
		},
		"node_modules/array-union": {
			"version": "2.1.0",
			"resolved": "https://registry.npmjs.org/array-union/-/array-union-2.1.0.tgz",
			"integrity": "sha512-HGyxoOTYUyCM6stUe6EJgnd4EoewAI7zMdfqO+kGjnlZmBDz/cR5pf8r/cR4Wq60sL/p0IkcjUEEPwS3GFrIyw==",
			"dev": true,
			"engines": {
				"node": ">=8"
			}
		},
		"node_modules/balanced-match": {
			"version": "1.0.2",
			"resolved": "https://registry.npmjs.org/balanced-match/-/balanced-match-1.0.2.tgz",
			"integrity": "sha512-3oSeUO0TMV67hN1AmbXsK4yaqU7tjiHlbxRDZOpH0KW9+CeX4bRAaX0Anxt0tx2MrpRpWwQaPwIlISEJhYU5Pw==",
			"dev": true
		},
		"node_modules/brace-expansion": {
			"version": "1.1.11",
			"resolved": "https://registry.npmjs.org/brace-expansion/-/brace-expansion-1.1.11.tgz",
			"integrity": "sha512-iCuPHDFgrHX7H2vEI/5xpz07zSHB00TpugqhmYtVmMO6518mCuRMoOYFldEBl0g187ufozdaHgWKcYFb61qGiA==",
			"dev": true,
			"dependencies": {
				"balanced-match": "^1.0.0",
				"concat-map": "0.0.1"
			}
		},
		"node_modules/braces": {
			"version": "3.0.3",
			"resolved": "https://registry.npmjs.org/braces/-/braces-3.0.3.tgz",
			"integrity": "sha512-yQbXgO/OSZVD2IsiLlro+7Hf6Q18EJrKSEsdoMzKePKXct3gvD8oLcOQdIzGupr5Fj+EDe8gO/lxc1BzfMpxvA==",
			"dev": true,
			"dependencies": {
				"fill-range": "^7.1.1"
			},
			"engines": {
				"node": ">=8"
			}
		},
		"node_modules/call-me-maybe": {
			"version": "1.0.2",
			"resolved": "https://registry.npmjs.org/call-me-maybe/-/call-me-maybe-1.0.2.tgz",
			"integrity": "sha512-HpX65o1Hnr9HH25ojC1YGs7HCQLq0GCOibSaWER0eNpgJ/Z1MZv2mTc7+xh6WOPxbRVcmgbv4hGU+uSQ/2xFZQ==",
			"dev": true
		},
		"node_modules/chalk": {
			"version": "2.4.2",
			"resolved": "https://registry.npmjs.org/chalk/-/chalk-2.4.2.tgz",
			"integrity": "sha512-Mti+f9lpJNcwF4tWV8/OrTTtF1gZi+f8FqlyAdouralcFWFQWF2+NgCHShjkCb+IFBLq9buZwE1xckQU4peSuQ==",
			"dev": true,
			"dependencies": {
				"ansi-styles": "^3.2.1",
				"escape-string-regexp": "^1.0.5",
				"supports-color": "^5.3.0"
			},
			"engines": {
				"node": ">=4"
			}
		},
		"node_modules/chardet": {
			"version": "0.4.2",
			"resolved": "https://registry.npmjs.org/chardet/-/chardet-0.4.2.tgz",
			"integrity": "sha512-j/Toj7f1z98Hh2cYo2BVr85EpIRWqUi7rtRSGxh/cqUjqrnJe9l9UE7IUGd2vQ2p+kSHLkSzObQPZPLUC6TQwg==",
			"dev": true
		},
		"node_modules/cli-cursor": {
			"version": "2.1.0",
			"resolved": "https://registry.npmjs.org/cli-cursor/-/cli-cursor-2.1.0.tgz",
			"integrity": "sha512-8lgKz8LmCRYZZQDpRyT2m5rKJ08TnU4tR9FFFW2rxpxR1FzWi4PQ/NfyODchAatHaUgnSPVcx/R5w6NuTBzFiw==",
			"dev": true,
			"dependencies": {
				"restore-cursor": "^2.0.0"
			},
			"engines": {
				"node": ">=4"
			}
		},
		"node_modules/cli-width": {
			"version": "2.2.1",
			"resolved": "https://registry.npmjs.org/cli-width/-/cli-width-2.2.1.tgz",
			"integrity": "sha512-GRMWDxpOB6Dgk2E5Uo+3eEBvtOOlimMmpbFiKuLFnQzYDavtLFY3K5ona41jgN/WdRZtG7utuVSVTL4HbZHGkw==",
			"dev": true
		},
		"node_modules/color-convert": {
			"version": "1.9.3",
			"resolved": "https://registry.npmjs.org/color-convert/-/color-convert-1.9.3.tgz",
			"integrity": "sha512-QfAUtd+vFdAtFQcC8CCyYt1fYWxSqAiK2cSD6zDB8N3cpsEBAvRxp9zOGg6G/SHHJYAT88/az/IuDGALsNVbGg==",
			"dev": true,
			"dependencies": {
				"color-name": "1.1.3"
			}
		},
		"node_modules/color-name": {
			"version": "1.1.3",
			"resolved": "https://registry.npmjs.org/color-name/-/color-name-1.1.3.tgz",
			"integrity": "sha512-72fSenhMw2HZMTVHeCA9KCmpEIbzWiQsjN+BHcBbS9vr1mtt+vJjPdksIBNUmKAW8TFUDPJK5SUU3QhE9NEXDw==",
			"dev": true
		},
		"node_modules/command-line-args": {
			"version": "5.2.1",
			"resolved": "https://registry.npmjs.org/command-line-args/-/command-line-args-5.2.1.tgz",
			"integrity": "sha512-H4UfQhZyakIjC74I9d34fGYDwk3XpSr17QhEd0Q3I9Xq1CETHo4Hcuo87WyWHpAF1aSLjLRf5lD9ZGX2qStUvg==",
			"dev": true,
			"dependencies": {
				"array-back": "^3.1.0",
				"find-replace": "^3.0.0",
				"lodash.camelcase": "^4.3.0",
				"typical": "^4.0.0"
			},
			"engines": {
				"node": ">=4.0.0"
			}
		},
		"node_modules/commander": {
			"version": "2.20.3",
			"resolved": "https://registry.npmjs.org/commander/-/commander-2.20.3.tgz",
			"integrity": "sha512-GpVkmM8vF2vQUkj2LvZmD35JxeJOLCwJ9cUkugyk2nuhbv3+mJvpLYYt+0+USMxE+oj+ey/lJEnhZw75x/OMcQ==",
			"dev": true
		},
		"node_modules/concat-map": {
			"version": "0.0.1",
			"resolved": "https://registry.npmjs.org/concat-map/-/concat-map-0.0.1.tgz",
			"integrity": "sha512-/Srv4dswyQNBfohGpz9o6Yb3Gz3SrUDqBH5rTuhGR7ahtlbYKnVxw2bCFMRljaA7EXHaXZ8wsHdodFvbkhKmqg==",
			"dev": true
		},
		"node_modules/cross-spawn": {
			"version": "7.0.3",
			"resolved": "https://registry.npmjs.org/cross-spawn/-/cross-spawn-7.0.3.tgz",
			"integrity": "sha512-iRDPJKUPVEND7dHPO8rkbOnPpyDygcDFtWjpeWNCgy8WP2rXcxXL8TskReQl6OrB2G7+UJrags1q15Fudc7G6w==",
			"dev": true,
			"dependencies": {
				"path-key": "^3.1.0",
				"shebang-command": "^2.0.0",
				"which": "^2.0.1"
			},
			"engines": {
				"node": ">= 8"
			}
		},
		"node_modules/detect-indent": {
			"version": "6.1.0",
			"resolved": "https://registry.npmjs.org/detect-indent/-/detect-indent-6.1.0.tgz",
			"integrity": "sha512-reYkTUJAZb9gUuZ2RvVCNhVHdg62RHnJ7WJl8ftMi4diZ6NWlciOzQN88pUhSELEwflJht4oQDv0F0BMlwaYtA==",
			"dev": true,
			"engines": {
				"node": ">=8"
			}
		},
		"node_modules/detect-newline": {
			"version": "3.1.0",
			"resolved": "https://registry.npmjs.org/detect-newline/-/detect-newline-3.1.0.tgz",
			"integrity": "sha512-TLz+x/vEXm/Y7P7wn1EJFNLxYpUD4TgMosxY6fAVJUnJMbupHBOncxyWUG9OpTaH9EBD7uFI5LfEgmMOc54DsA==",
			"dev": true,
			"engines": {
				"node": ">=8"
			}
		},
		"node_modules/dir-glob": {
			"version": "3.0.1",
			"resolved": "https://registry.npmjs.org/dir-glob/-/dir-glob-3.0.1.tgz",
			"integrity": "sha512-WkrWp9GR4KXfKGYzOLmTuGVi1UWFfws377n9cc55/tb6DuqyF6pcQ5AbiHEshaDpY9v6oaSr2XCDidGmMwdzIA==",
			"dev": true,
			"dependencies": {
				"path-type": "^4.0.0"
			},
			"engines": {
				"node": ">=8"
			}
		},
		"node_modules/emoji-regex": {
			"version": "8.0.0",
			"resolved": "https://registry.npmjs.org/emoji-regex/-/emoji-regex-8.0.0.tgz",
			"integrity": "sha512-MSjYzcWNOA0ewAHpz0MxpYFvwg6yjy1NG3xteoqz644VCo/RPgnr1/GGt+ic3iJTzQ8Eu3TdM14SawnVUmGE6A==",
			"dev": true
		},
		"node_modules/escape-string-regexp": {
			"version": "1.0.5",
			"resolved": "https://registry.npmjs.org/escape-string-regexp/-/escape-string-regexp-1.0.5.tgz",
			"integrity": "sha512-vbRorB5FUQWvla16U8R/qgaFIya2qGzwDrNmCZuYKrbdSUMG6I1ZCGQRefkRVhuOkIGVne7BQ35DSfo1qvJqFg==",
			"dev": true,
			"engines": {
				"node": ">=0.8.0"
			}
		},
		"node_modules/external-editor": {
			"version": "2.2.0",
			"resolved": "https://registry.npmjs.org/external-editor/-/external-editor-2.2.0.tgz",
			"integrity": "sha512-bSn6gvGxKt+b7+6TKEv1ZycHleA7aHhRHyAqJyp5pbUFuYYNIzpZnQDk7AsYckyWdEnTeAnay0aCy2aV6iTk9A==",
			"dev": true,
			"dependencies": {
				"chardet": "^0.4.0",
				"iconv-lite": "^0.4.17",
				"tmp": "^0.0.33"
			},
			"engines": {
				"node": ">=0.12"
			}
		},
		"node_modules/fast-glob": {
			"version": "3.3.2",
			"resolved": "https://registry.npmjs.org/fast-glob/-/fast-glob-3.3.2.tgz",
			"integrity": "sha512-oX2ruAFQwf/Orj8m737Y5adxDQO0LAB7/S5MnxCdTNDd4p6BsyIVsv9JQsATbTSq8KHRpLwIHbVlUNatxd+1Ow==",
			"dev": true,
			"dependencies": {
				"@nodelib/fs.stat": "^2.0.2",
				"@nodelib/fs.walk": "^1.2.3",
				"glob-parent": "^5.1.2",
				"merge2": "^1.3.0",
				"micromatch": "^4.0.4"
			},
			"engines": {
				"node": ">=8.6.0"
			}
		},
		"node_modules/fastq": {
			"version": "1.17.1",
			"resolved": "https://registry.npmjs.org/fastq/-/fastq-1.17.1.tgz",
			"integrity": "sha512-sRVD3lWVIXWg6By68ZN7vho9a1pQcN/WBFaAAsDDFzlJjvoGx0P8z7V1t72grFJfJhu3YPZBuu25f7Kaw2jN1w==",
			"dev": true,
			"dependencies": {
				"reusify": "^1.0.4"
			}
		},
		"node_modules/figures": {
			"version": "2.0.0",
			"resolved": "https://registry.npmjs.org/figures/-/figures-2.0.0.tgz",
			"integrity": "sha512-Oa2M9atig69ZkfwiApY8F2Yy+tzMbazyvqv21R0NsSC8floSOC09BbT1ITWAdoMGQvJ/aZnR1KMwdx9tvHnTNA==",
			"dev": true,
			"dependencies": {
				"escape-string-regexp": "^1.0.5"
			},
			"engines": {
				"node": ">=4"
			}
		},
		"node_modules/fill-range": {
			"version": "7.1.1",
			"resolved": "https://registry.npmjs.org/fill-range/-/fill-range-7.1.1.tgz",
			"integrity": "sha512-YsGpe3WHLK8ZYi4tWDg2Jy3ebRz2rXowDxnld4bkQB00cc/1Zw9AWnC0i9ztDJitivtQvaI9KaLyKrc+hBW0yg==",
			"dev": true,
			"dependencies": {
				"to-regex-range": "^5.0.1"
			},
			"engines": {
				"node": ">=8"
			}
		},
		"node_modules/find-replace": {
			"version": "3.0.0",
			"resolved": "https://registry.npmjs.org/find-replace/-/find-replace-3.0.0.tgz",
			"integrity": "sha512-6Tb2myMioCAgv5kfvP5/PkZZ/ntTpVK39fHY7WkWBgvbeE+VHd/tZuZ4mrC+bxh4cfOZeYKVPaJIZtZXV7GNCQ==",
			"dev": true,
			"dependencies": {
				"array-back": "^3.0.1"
			},
			"engines": {
				"node": ">=4.0.0"
			}
		},
		"node_modules/fs.realpath": {
			"version": "1.0.0",
			"resolved": "https://registry.npmjs.org/fs.realpath/-/fs.realpath-1.0.0.tgz",
			"integrity": "sha512-OO0pH2lK6a0hZnAdau5ItzHPI6pUlvI7jMVnxUQRtw4owF2wk8lOSabtGDCTP4Ggrg2MbGnWO9X8K1t4+fGMDw==",
			"dev": true
		},
		"node_modules/function-bind": {
			"version": "1.1.2",
			"resolved": "https://registry.npmjs.org/function-bind/-/function-bind-1.1.2.tgz",
			"integrity": "sha512-7XHNxH7qX9xG5mIwxkhumTox/MIRNcOgDrxWsMt2pAr23WHp6MrRlN7FBSFpCpr+oVO0F744iUgR82nJMfG2SA==",
			"dev": true,
			"funding": {
				"url": "https://github.com/sponsors/ljharb"
			}
		},
		"node_modules/glob": {
			"version": "7.2.3",
			"resolved": "https://registry.npmjs.org/glob/-/glob-7.2.3.tgz",
			"integrity": "sha512-nFR0zLpU2YCaRxwoCJvL6UvCH2JFyFVIvwTLsIf21AuHlMskA1hhTdk+LlYJtOlYt9v6dvszD2BGRqBL+iQK9Q==",
			"deprecated": "Glob versions prior to v9 are no longer supported",
			"dev": true,
			"dependencies": {
				"fs.realpath": "^1.0.0",
				"inflight": "^1.0.4",
				"inherits": "2",
				"minimatch": "^3.1.1",
				"once": "^1.3.0",
				"path-is-absolute": "^1.0.0"
			},
			"engines": {
				"node": "*"
			},
			"funding": {
				"url": "https://github.com/sponsors/isaacs"
			}
		},
		"node_modules/glob-parent": {
			"version": "5.1.2",
			"resolved": "https://registry.npmjs.org/glob-parent/-/glob-parent-5.1.2.tgz",
			"integrity": "sha512-AOIgSQCepiJYwP3ARnGx+5VnTu2HBYdzbGP45eLw1vr3zB3vZLeyed1sC9hnbcOc9/SrMyM5RPQrkGz4aS9Zow==",
			"dev": true,
			"dependencies": {
				"is-glob": "^4.0.1"
			},
			"engines": {
				"node": ">= 6"
			}
		},
		"node_modules/globby": {
			"version": "11.1.0",
			"resolved": "https://registry.npmjs.org/globby/-/globby-11.1.0.tgz",
			"integrity": "sha512-jhIXaOzy1sb8IyocaruWSn1TjmnBVs8Ayhcy83rmxNJ8q2uWKCAj3CnJY+KpGSXCueAPc0i05kVvVKtP1t9S3g==",
			"dev": true,
			"dependencies": {
				"array-union": "^2.1.0",
				"dir-glob": "^3.0.1",
				"fast-glob": "^3.2.9",
				"ignore": "^5.2.0",
				"merge2": "^1.4.1",
				"slash": "^3.0.0"
			},
			"engines": {
				"node": ">=10"
			},
			"funding": {
				"url": "https://github.com/sponsors/sindresorhus"
			}
		},
		"node_modules/graceful-fs": {
			"version": "4.2.11",
			"resolved": "https://registry.npmjs.org/graceful-fs/-/graceful-fs-4.2.11.tgz",
			"integrity": "sha512-RbJ5/jmFcNNCcDV5o9eTnBLJ/HszWV0P73bc+Ff4nS/rJj+YaS6IGyiOL0VoBYX+l1Wrl3k63h/KrH+nhJ0XvQ==",
			"dev": true,
			"optional": true
		},
		"node_modules/has-flag": {
			"version": "3.0.0",
			"resolved": "https://registry.npmjs.org/has-flag/-/has-flag-3.0.0.tgz",
			"integrity": "sha512-sKJf1+ceQBr4SMkvQnBDNDtf4TXpVhVGateu0t918bl30FnbE2m4vNLX+VWe/dpjlb+HugGYzW7uQXH98HPEYw==",
			"dev": true,
			"engines": {
				"node": ">=4"
			}
		},
		"node_modules/hasown": {
			"version": "2.0.2",
			"resolved": "https://registry.npmjs.org/hasown/-/hasown-2.0.2.tgz",
			"integrity": "sha512-0hJU9SCPvmMzIBdZFqNPXWa6dqh7WdH0cII9y+CyS8rG3nL48Bclra9HmKhVVUHyPWNH5Y7xDwAB7bfgSjkUMQ==",
			"dev": true,
			"dependencies": {
				"function-bind": "^1.1.2"
			},
			"engines": {
				"node": ">= 0.4"
			}
		},
		"node_modules/iconv-lite": {
			"version": "0.4.24",
			"resolved": "https://registry.npmjs.org/iconv-lite/-/iconv-lite-0.4.24.tgz",
			"integrity": "sha512-v3MXnZAcvnywkTUEZomIActle7RXXeedOR31wwl7VlyoXO4Qi9arvSenNQWne1TcRwhCL1HwLI21bEqdpj8/rA==",
			"dev": true,
			"dependencies": {
				"safer-buffer": ">= 2.1.2 < 3"
			},
			"engines": {
				"node": ">=0.10.0"
			}
		},
		"node_modules/ignore": {
			"version": "5.3.1",
			"resolved": "https://registry.npmjs.org/ignore/-/ignore-5.3.1.tgz",
			"integrity": "sha512-5Fytz/IraMjqpwfd34ke28PTVMjZjJG2MPn5t7OE4eUCUNf8BAa7b5WUS9/Qvr6mwOQS7Mk6vdsMno5he+T8Xw==",
			"dev": true,
			"engines": {
				"node": ">= 4"
			}
		},
		"node_modules/inflight": {
			"version": "1.0.6",
			"resolved": "https://registry.npmjs.org/inflight/-/inflight-1.0.6.tgz",
			"integrity": "sha512-k92I/b08q4wvFscXCLvqfsHCrjrF7yiXsQuIVvVE7N82W3+aqpzuUdBbfhWcy/FZR3/4IgflMgKLOsvPDrGCJA==",
			"deprecated": "This module is not supported, and leaks memory. Do not use it. Check out lru-cache if you want a good and tested way to coalesce async requests by a key value, which is much more comprehensive and powerful.",
			"dev": true,
			"dependencies": {
				"once": "^1.3.0",
				"wrappy": "1"
			}
		},
		"node_modules/inherits": {
			"version": "2.0.4",
			"resolved": "https://registry.npmjs.org/inherits/-/inherits-2.0.4.tgz",
			"integrity": "sha512-k/vGaX4/Yla3WzyMCvTQOXYeIHvqOKtnqBduzTHpzpQZzAskKMhZ2K+EnBiSM9zGSoIFeMpXKxa4dYeZIQqewQ==",
			"dev": true
		},
		"node_modules/inquirer": {
			"version": "3.3.0",
			"resolved": "https://registry.npmjs.org/inquirer/-/inquirer-3.3.0.tgz",
			"integrity": "sha512-h+xtnyk4EwKvFWHrUYsWErEVR+igKtLdchu+o0Z1RL7VU/jVMFbYir2bp6bAj8efFNxWqHX0dIss6fJQ+/+qeQ==",
			"dev": true,
			"dependencies": {
				"ansi-escapes": "^3.0.0",
				"chalk": "^2.0.0",
				"cli-cursor": "^2.1.0",
				"cli-width": "^2.0.0",
				"external-editor": "^2.0.4",
				"figures": "^2.0.0",
				"lodash": "^4.3.0",
				"mute-stream": "0.0.7",
				"run-async": "^2.2.0",
				"rx-lite": "^4.0.8",
				"rx-lite-aggregates": "^4.0.8",
				"string-width": "^2.1.0",
				"strip-ansi": "^4.0.0",
				"through": "^2.3.6"
			}
		},
		"node_modules/interpret": {
			"version": "1.4.0",
			"resolved": "https://registry.npmjs.org/interpret/-/interpret-1.4.0.tgz",
			"integrity": "sha512-agE4QfB2Lkp9uICn7BAqoscw4SZP9kTE2hxiFI3jBPmXJfdqiahTbUuKGsMoN2GtqL9AxhYioAcVvgsb1HvRbA==",
			"dev": true,
			"engines": {
				"node": ">= 0.10"
			}
		},
		"node_modules/is-core-module": {
			"version": "2.15.0",
			"resolved": "https://registry.npmjs.org/is-core-module/-/is-core-module-2.15.0.tgz",
			"integrity": "sha512-Dd+Lb2/zvk9SKy1TGCt1wFJFo/MWBPMX5x7KcvLajWTGuomczdQX61PvY5yK6SVACwpoexWo81IfFyoKY2QnTA==",
			"dev": true,
			"dependencies": {
				"hasown": "^2.0.2"
			},
			"engines": {
				"node": ">= 0.4"
			},
			"funding": {
				"url": "https://github.com/sponsors/ljharb"
			}
		},
		"node_modules/is-extglob": {
			"version": "2.1.1",
			"resolved": "https://registry.npmjs.org/is-extglob/-/is-extglob-2.1.1.tgz",
			"integrity": "sha512-SbKbANkN603Vi4jEZv49LeVJMn4yGwsbzZworEoyEiutsN3nJYdbO36zfhGJ6QEDpOZIFkDtnq5JRxmvl3jsoQ==",
			"dev": true,
			"engines": {
				"node": ">=0.10.0"
			}
		},
		"node_modules/is-fullwidth-code-point": {
			"version": "2.0.0",
			"resolved": "https://registry.npmjs.org/is-fullwidth-code-point/-/is-fullwidth-code-point-2.0.0.tgz",
			"integrity": "sha512-VHskAKYM8RfSFXwee5t5cbN5PZeq1Wrh6qd5bkyiXIf6UQcN6w/A0eXM9r6t8d+GYOh+o6ZhiEnb88LN/Y8m2w==",
			"dev": true,
			"engines": {
				"node": ">=4"
			}
		},
		"node_modules/is-glob": {
			"version": "4.0.3",
			"resolved": "https://registry.npmjs.org/is-glob/-/is-glob-4.0.3.tgz",
			"integrity": "sha512-xelSayHH36ZgE7ZWhli7pW34hNbNl8Ojv5KVmkJD4hBdD3th8Tfk9vYasLM+mXWOZhFkgZfxhLSnrwRr4elSSg==",
			"dev": true,
			"dependencies": {
				"is-extglob": "^2.1.1"
			},
			"engines": {
				"node": ">=0.10.0"
			}
		},
		"node_modules/is-number": {
			"version": "7.0.0",
			"resolved": "https://registry.npmjs.org/is-number/-/is-number-7.0.0.tgz",
			"integrity": "sha512-41Cifkg6e8TylSpdtTpeLVMqvSBEVzTttHvERD741+pnZ8ANv0004MRL43QKPDlK9cGvNp6NZWZUBlbGXYxxng==",
			"dev": true,
			"engines": {
				"node": ">=0.12.0"
			}
		},
		"node_modules/is-unicode-supported": {
			"version": "0.1.0",
			"resolved": "https://registry.npmjs.org/is-unicode-supported/-/is-unicode-supported-0.1.0.tgz",
			"integrity": "sha512-knxG2q4UC3u8stRGyAVJCOdxFmv5DZiRcdlIaAQXAbSfJya+OhopNotLQrstBhququ4ZpuKbDc/8S6mgXgPFPw==",
			"dev": true,
			"engines": {
				"node": ">=10"
			},
			"funding": {
				"url": "https://github.com/sponsors/sindresorhus"
			}
		},
		"node_modules/isexe": {
			"version": "2.0.0",
			"resolved": "https://registry.npmjs.org/isexe/-/isexe-2.0.0.tgz",
			"integrity": "sha512-RHxMLp9lnKHGHRng9QFhRCMbYAcVpn69smSGcq3f36xjgVVWThj4qqLbTLlq7Ssj8B+fIQ1EuCEGI2lKsyQeIw==",
			"dev": true
		},
		"node_modules/jsonfile": {
			"version": "3.0.1",
			"resolved": "https://registry.npmjs.org/jsonfile/-/jsonfile-3.0.1.tgz",
			"integrity": "sha512-oBko6ZHlubVB5mRFkur5vgYR1UyqX+S6Y/oCfLhqNdcc2fYFlDpIoNc7AfKS1KOGcnNAkvsr0grLck9ANM815w==",
			"dev": true,
			"optionalDependencies": {
				"graceful-fs": "^4.1.6"
			}
		},
		"node_modules/lodash": {
			"version": "4.17.21",
			"resolved": "https://registry.npmjs.org/lodash/-/lodash-4.17.21.tgz",
			"integrity": "sha512-v2kDEe57lecTulaDIuNTPy3Ry4gLGJ6Z1O3vE1krgXZNrsQ+LFTGHVxVjcXPs17LhbZVGedAJv8XZ1tvj5FvSg==",
			"dev": true
		},
		"node_modules/lodash.camelcase": {
			"version": "4.3.0",
			"resolved": "https://registry.npmjs.org/lodash.camelcase/-/lodash.camelcase-4.3.0.tgz",
			"integrity": "sha512-TwuEnCnxbc3rAvhf/LbG7tJUDzhqXyFnv3dtzLOPgCG/hODL7WFnsbwktkD7yUV0RrreP/l1PALq/YSg6VvjlA==",
			"dev": true
		},
		"node_modules/log-symbols": {
			"version": "4.1.0",
			"resolved": "https://registry.npmjs.org/log-symbols/-/log-symbols-4.1.0.tgz",
			"integrity": "sha512-8XPvpAA8uyhfteu8pIvQxpJZ7SYYdpUivZpGy6sFsBuKRY/7rQGavedeB8aK+Zkyq6upMFVL/9AW6vOYzfRyLg==",
			"dev": true,
			"dependencies": {
				"chalk": "^4.1.0",
				"is-unicode-supported": "^0.1.0"
			},
			"engines": {
				"node": ">=10"
			},
			"funding": {
				"url": "https://github.com/sponsors/sindresorhus"
			}
		},
		"node_modules/log-symbols/node_modules/ansi-styles": {
			"version": "4.3.0",
			"resolved": "https://registry.npmjs.org/ansi-styles/-/ansi-styles-4.3.0.tgz",
			"integrity": "sha512-zbB9rCJAT1rbjiVDb2hqKFHNYLxgtk8NURxZ3IZwD3F6NtxbXZQCnnSi1Lkx+IDohdPlFp222wVALIheZJQSEg==",
			"dev": true,
			"dependencies": {
				"color-convert": "^2.0.1"
			},
			"engines": {
				"node": ">=8"
			},
			"funding": {
				"url": "https://github.com/chalk/ansi-styles?sponsor=1"
			}
		},
		"node_modules/log-symbols/node_modules/chalk": {
			"version": "4.1.2",
			"resolved": "https://registry.npmjs.org/chalk/-/chalk-4.1.2.tgz",
			"integrity": "sha512-oKnbhFyRIXpUuez8iBMmyEa4nbj4IOQyuhc/wy9kY7/WVPcwIO9VA668Pu8RkO7+0G76SLROeyw9CpQ061i4mA==",
			"dev": true,
			"dependencies": {
				"ansi-styles": "^4.1.0",
				"supports-color": "^7.1.0"
			},
			"engines": {
				"node": ">=10"
			},
			"funding": {
				"url": "https://github.com/chalk/chalk?sponsor=1"
			}
		},
		"node_modules/log-symbols/node_modules/color-convert": {
			"version": "2.0.1",
			"resolved": "https://registry.npmjs.org/color-convert/-/color-convert-2.0.1.tgz",
			"integrity": "sha512-RRECPsj7iu/xb5oKYcsFHSppFNnsj/52OVTRKb4zP5onXwVF3zVmmToNcOfGC+CRDpfK/U584fMg38ZHCaElKQ==",
			"dev": true,
			"dependencies": {
				"color-name": "~1.1.4"
			},
			"engines": {
				"node": ">=7.0.0"
			}
		},
		"node_modules/log-symbols/node_modules/color-name": {
			"version": "1.1.4",
			"resolved": "https://registry.npmjs.org/color-name/-/color-name-1.1.4.tgz",
			"integrity": "sha512-dOy+3AuW3a2wNbZHIuMZpTcgjGuLU/uBL/ubcZF9OXbDo8ff4O8yVp5Bf0efS8uEoYo5q4Fx7dY9OgQGXgAsQA==",
			"dev": true
		},
		"node_modules/log-symbols/node_modules/has-flag": {
			"version": "4.0.0",
			"resolved": "https://registry.npmjs.org/has-flag/-/has-flag-4.0.0.tgz",
			"integrity": "sha512-EykJT/Q1KjTWctppgIAgfSO0tKVuZUjhgMr17kqTumMl6Afv3EISleU7qZUzoXDFTAHTDC4NOoG/ZxU3EvlMPQ==",
			"dev": true,
			"engines": {
				"node": ">=8"
			}
		},
		"node_modules/log-symbols/node_modules/supports-color": {
			"version": "7.2.0",
			"resolved": "https://registry.npmjs.org/supports-color/-/supports-color-7.2.0.tgz",
			"integrity": "sha512-qpCAvRl9stuOHveKsn7HncJRvv501qIacKzQlO/+Lwxc9+0q2wLyv4Dfvt80/DPn2pqOBsJdDiogXGR9+OvwRw==",
			"dev": true,
			"dependencies": {
				"has-flag": "^4.0.0"
			},
			"engines": {
				"node": ">=8"
			}
		},
		"node_modules/merge2": {
			"version": "1.4.1",
			"resolved": "https://registry.npmjs.org/merge2/-/merge2-1.4.1.tgz",
			"integrity": "sha512-8q7VEgMJW4J8tcfVPy8g09NcQwZdbwFEqhe/WZkoIzjn/3TGDwtOCYtXGxA3O8tPzpczCCDgv+P2P5y00ZJOOg==",
			"dev": true,
			"engines": {
				"node": ">= 8"
			}
		},
		"node_modules/micromatch": {
			"version": "4.0.7",
			"resolved": "https://registry.npmjs.org/micromatch/-/micromatch-4.0.7.tgz",
			"integrity": "sha512-LPP/3KorzCwBxfeUuZmaR6bG2kdeHSbe0P2tY3FLRU4vYrjYz5hI4QZwV0njUx3jeuKe67YukQ1LSPZBKDqO/Q==",
			"dev": true,
			"dependencies": {
				"braces": "^3.0.3",
				"picomatch": "^2.3.1"
			},
			"engines": {
				"node": ">=8.6"
			}
		},
		"node_modules/mimic-fn": {
			"version": "1.2.0",
			"resolved": "https://registry.npmjs.org/mimic-fn/-/mimic-fn-1.2.0.tgz",
			"integrity": "sha512-jf84uxzwiuiIVKiOLpfYk7N46TSy8ubTonmneY9vrpHNAnp0QBt2BxWV9dO3/j+BoVAb+a5G6YDPW3M5HOdMWQ==",
			"dev": true,
			"engines": {
				"node": ">=4"
			}
		},
		"node_modules/minimatch": {
			"version": "3.1.2",
			"resolved": "https://registry.npmjs.org/minimatch/-/minimatch-3.1.2.tgz",
			"integrity": "sha512-J7p63hRiAjw1NDEww1W7i37+ByIrOWO5XQQAzZ3VOcL0PNybwpfmV/N05zFAzwQ9USyEcX6t3UO+K5aqBQOIHw==",
			"dev": true,
			"dependencies": {
				"brace-expansion": "^1.1.7"
			},
			"engines": {
				"node": "*"
			}
		},
		"node_modules/mixtape": {
			"version": "1.0.0",
			"resolved": "git+ssh://git@github.com/Automattic/mixtape.git#3a84400af7fd0004102f7f63a50d2dd4f441e273",
			"dev": true,
			"dependencies": {
				"chalk": "^2.1.0",
				"commander": "^2.11.0",
				"inquirer": "^3.2.2",
				"jsonfile": "^3.0.1",
				"shelljs": "^0.7.8"
			},
			"bin": {
				"mixtape": "cli/index.js"
			}
		},
		"node_modules/mute-stream": {
			"version": "0.0.7",
			"resolved": "https://registry.npmjs.org/mute-stream/-/mute-stream-0.0.7.tgz",
			"integrity": "sha512-r65nCZhrbXXb6dXOACihYApHw2Q6pV0M3V0PSxd74N0+D8nzAdEAITq2oAjA1jVnKI+tGvEBUpqiMh0+rW6zDQ==",
			"dev": true
		},
		"node_modules/once": {
			"version": "1.4.0",
			"resolved": "https://registry.npmjs.org/once/-/once-1.4.0.tgz",
			"integrity": "sha512-lNaJgI+2Q5URQBkccEKHTQOPaXdUxnZZElQTZY0MFUAuaEqe1E+Nyvgdz/aIyNi6Z9MzO5dv1H8n58/GELp3+w==",
			"dev": true,
			"dependencies": {
				"wrappy": "1"
			}
		},
		"node_modules/onetime": {
			"version": "2.0.1",
			"resolved": "https://registry.npmjs.org/onetime/-/onetime-2.0.1.tgz",
			"integrity": "sha512-oyyPpiMaKARvvcgip+JV+7zci5L8D1W9RZIz2l1o08AM3pfspitVWnPt3mzHcBPp12oYMTy0pqrFs/C+m3EwsQ==",
			"dev": true,
			"dependencies": {
				"mimic-fn": "^1.0.0"
			},
			"engines": {
				"node": ">=4"
			}
		},
		"node_modules/os-tmpdir": {
			"version": "1.0.2",
			"resolved": "https://registry.npmjs.org/os-tmpdir/-/os-tmpdir-1.0.2.tgz",
			"integrity": "sha512-D2FR03Vir7FIu45XBY20mTb+/ZSWB00sjU9jdQXt83gDrI4Ztz5Fs7/yy74g2N5SVQY4xY1qDr4rNddwYRVX0g==",
			"dev": true,
			"engines": {
				"node": ">=0.10.0"
			}
		},
		"node_modules/path-is-absolute": {
			"version": "1.0.1",
			"resolved": "https://registry.npmjs.org/path-is-absolute/-/path-is-absolute-1.0.1.tgz",
			"integrity": "sha512-AVbw3UJ2e9bq64vSaS9Am0fje1Pa8pbGqTTsmXfaIiMpnr5DlDhfJOuLj9Sf95ZPVDAUerDfEk88MPmPe7UCQg==",
			"dev": true,
			"engines": {
				"node": ">=0.10.0"
			}
		},
		"node_modules/path-key": {
			"version": "3.1.1",
			"resolved": "https://registry.npmjs.org/path-key/-/path-key-3.1.1.tgz",
			"integrity": "sha512-ojmeN0qd+y0jszEtoY48r0Peq5dwMEkIlCOu6Q5f41lfkswXuKtYrhgoTpLnyIcHm24Uhqx+5Tqm2InSwLhE6Q==",
			"dev": true,
			"engines": {
				"node": ">=8"
			}
		},
		"node_modules/path-parse": {
			"version": "1.0.7",
			"resolved": "https://registry.npmjs.org/path-parse/-/path-parse-1.0.7.tgz",
			"integrity": "sha512-LDJzPVEEEPR+y48z93A0Ed0yXb8pAByGWo/k5YYdYgpY2/2EsOsksJrq7lOHxryrVOn1ejG6oAp8ahvOIQD8sw==",
			"dev": true
		},
		"node_modules/path-type": {
			"version": "4.0.0",
			"resolved": "https://registry.npmjs.org/path-type/-/path-type-4.0.0.tgz",
			"integrity": "sha512-gDKb8aZMDeD/tZWs9P6+q0J9Mwkdl6xMV8TjnGP3qJVJ06bdMgkbBlLU8IdfOsIsFz2BW1rNVT3XuNEl8zPAvw==",
			"dev": true,
			"engines": {
				"node": ">=8"
			}
		},
		"node_modules/picomatch": {
			"version": "2.3.1",
			"resolved": "https://registry.npmjs.org/picomatch/-/picomatch-2.3.1.tgz",
			"integrity": "sha512-JU3teHTNjmE2VCGFzuY8EXzCDVwEqB2a8fsIvwaStHhAWJEeVd1o1QD80CU6+ZdEXXSLbSsuLwJjkCBWqRQUVA==",
			"dev": true,
			"engines": {
				"node": ">=8.6"
			},
			"funding": {
				"url": "https://github.com/sponsors/jonschlinkert"
			}
		},
		"node_modules/queue-microtask": {
			"version": "1.2.3",
			"resolved": "https://registry.npmjs.org/queue-microtask/-/queue-microtask-1.2.3.tgz",
			"integrity": "sha512-NuaNSa6flKT5JaSYQzJok04JzTL1CA6aGhv5rfLW3PgqA+M2ChpZQnAC8h8i4ZFkBS8X5RqkDBHA7r4hej3K9A==",
			"dev": true,
			"funding": [
				{
					"type": "github",
					"url": "https://github.com/sponsors/feross"
				},
				{
					"type": "patreon",
					"url": "https://www.patreon.com/feross"
				},
				{
					"type": "consulting",
					"url": "https://feross.org/support"
				}
			]
		},
		"node_modules/rechoir": {
			"version": "0.6.2",
			"resolved": "https://registry.npmjs.org/rechoir/-/rechoir-0.6.2.tgz",
			"integrity": "sha512-HFM8rkZ+i3zrV+4LQjwQ0W+ez98pApMGM3HUrN04j3CqzPOzl9nmP15Y8YXNm8QHGv/eacOVEjqhmWpkRV0NAw==",
			"dev": true,
			"dependencies": {
				"resolve": "^1.1.6"
			},
			"engines": {
				"node": ">= 0.10"
			}
		},
		"node_modules/resolve": {
			"version": "1.22.8",
			"resolved": "https://registry.npmjs.org/resolve/-/resolve-1.22.8.tgz",
			"integrity": "sha512-oKWePCxqpd6FlLvGV1VU0x7bkPmmCNolxzjMf4NczoDnQcIWrAF+cPtZn5i6n+RfD2d9i0tzpKnG6Yk168yIyw==",
			"dev": true,
			"dependencies": {
				"is-core-module": "^2.13.0",
				"path-parse": "^1.0.7",
				"supports-preserve-symlinks-flag": "^1.0.0"
			},
			"bin": {
				"resolve": "bin/resolve"
			},
			"funding": {
				"url": "https://github.com/sponsors/ljharb"
			}
		},
		"node_modules/restore-cursor": {
			"version": "2.0.0",
			"resolved": "https://registry.npmjs.org/restore-cursor/-/restore-cursor-2.0.0.tgz",
			"integrity": "sha512-6IzJLuGi4+R14vwagDHX+JrXmPVtPpn4mffDJ1UdR7/Edm87fl6yi8mMBIVvFtJaNTUvjughmW4hwLhRG7gC1Q==",
			"dev": true,
			"dependencies": {
				"onetime": "^2.0.0",
				"signal-exit": "^3.0.2"
			},
			"engines": {
				"node": ">=4"
			}
		},
		"node_modules/reusify": {
			"version": "1.0.4",
			"resolved": "https://registry.npmjs.org/reusify/-/reusify-1.0.4.tgz",
			"integrity": "sha512-U9nH88a3fc/ekCF1l0/UP1IosiuIjyTh7hBvXVMHYgVcfGvt897Xguj2UOLDeI5BG2m7/uwyaLVT6fbtCwTyzw==",
			"dev": true,
			"engines": {
				"iojs": ">=1.0.0",
				"node": ">=0.10.0"
			}
		},
		"node_modules/run-async": {
			"version": "2.4.1",
			"resolved": "https://registry.npmjs.org/run-async/-/run-async-2.4.1.tgz",
			"integrity": "sha512-tvVnVv01b8c1RrA6Ep7JkStj85Guv/YrMcwqYQnwjsAS2cTmmPGBBjAjpCW7RrSodNSoE2/qg9O4bceNvUuDgQ==",
			"dev": true,
			"engines": {
				"node": ">=0.12.0"
			}
		},
		"node_modules/run-parallel": {
			"version": "1.2.0",
			"resolved": "https://registry.npmjs.org/run-parallel/-/run-parallel-1.2.0.tgz",
			"integrity": "sha512-5l4VyZR86LZ/lDxZTR6jqL8AFE2S0IFLMP26AbjsLVADxHdhB/c0GUsH+y39UfCi3dzz8OlQuPmnaJOMoDHQBA==",
			"dev": true,
			"funding": [
				{
					"type": "github",
					"url": "https://github.com/sponsors/feross"
				},
				{
					"type": "patreon",
					"url": "https://www.patreon.com/feross"
				},
				{
					"type": "consulting",
					"url": "https://feross.org/support"
				}
			],
			"dependencies": {
				"queue-microtask": "^1.2.2"
			}
		},
		"node_modules/rx-lite": {
			"version": "4.0.8",
			"resolved": "https://registry.npmjs.org/rx-lite/-/rx-lite-4.0.8.tgz",
			"integrity": "sha512-Cun9QucwK6MIrp3mry/Y7hqD1oFqTYLQ4pGxaHTjIdaFDWRGGLikqp6u8LcWJnzpoALg9hap+JGk8sFIUuEGNA==",
			"dev": true
		},
		"node_modules/rx-lite-aggregates": {
			"version": "4.0.8",
			"resolved": "https://registry.npmjs.org/rx-lite-aggregates/-/rx-lite-aggregates-4.0.8.tgz",
			"integrity": "sha512-3xPNZGW93oCjiO7PtKxRK6iOVYBWBvtf9QHDfU23Oc+dLIQmAV//UnyXV/yihv81VS/UqoQPk4NegS8EFi55Hg==",
			"dev": true,
			"dependencies": {
				"rx-lite": "*"
			}
		},
		"node_modules/rxjs": {
			"version": "6.6.7",
			"resolved": "https://registry.npmjs.org/rxjs/-/rxjs-6.6.7.tgz",
			"integrity": "sha512-hTdwr+7yYNIT5n4AMYp85KA6yw2Va0FLa3Rguvbpa4W3I5xynaBZo41cM3XM+4Q6fRMj3sBYIR1VAmZMXYJvRQ==",
			"dev": true,
			"dependencies": {
				"tslib": "^1.9.0"
			},
			"engines": {
				"npm": ">=2.0.0"
			}
		},
		"node_modules/safer-buffer": {
			"version": "2.1.2",
			"resolved": "https://registry.npmjs.org/safer-buffer/-/safer-buffer-2.1.2.tgz",
			"integrity": "sha512-YZo3K82SD7Riyi0E1EQPojLz7kpepnSQI9IyPbHHg1XXXevb5dJI7tpyN2ADxGcQbHG7vcyRHk0cbwqcQriUtg==",
			"dev": true
		},
		"node_modules/semver": {
			"version": "7.6.3",
			"resolved": "https://registry.npmjs.org/semver/-/semver-7.6.3.tgz",
			"integrity": "sha512-oVekP1cKtI+CTDvHWYFUcMtsK/00wmAEfyqKfNdARm8u1wNVhSgaX7A8d4UuIlUI5e84iEwOhs7ZPYRmzU9U6A==",
			"dev": true,
			"bin": {
				"semver": "bin/semver.js"
			},
			"engines": {
				"node": ">=10"
			}
		},
		"node_modules/shebang-command": {
			"version": "2.0.0",
			"resolved": "https://registry.npmjs.org/shebang-command/-/shebang-command-2.0.0.tgz",
			"integrity": "sha512-kHxr2zZpYtdmrN1qDjrrX/Z1rR1kG8Dx+gkpK1G4eXmvXswmcE1hTWBWYUzlraYw1/yZp6YuDY77YtvbN0dmDA==",
			"dev": true,
			"dependencies": {
				"shebang-regex": "^3.0.0"
			},
			"engines": {
				"node": ">=8"
			}
		},
		"node_modules/shebang-regex": {
			"version": "3.0.0",
			"resolved": "https://registry.npmjs.org/shebang-regex/-/shebang-regex-3.0.0.tgz",
			"integrity": "sha512-7++dFhtcx3353uBaq8DDR4NuxBetBzC7ZQOhmTQInHEd6bSrXdiEyzCvG07Z44UYdLShWUyXt5M/yhz8ekcb1A==",
			"dev": true,
			"engines": {
				"node": ">=8"
			}
		},
		"node_modules/shelljs": {
			"version": "0.7.8",
			"resolved": "https://registry.npmjs.org/shelljs/-/shelljs-0.7.8.tgz",
			"integrity": "sha512-/YF5Uk8hcwi7ima04ppkbA4RaRMdPMBfwAvAf8sufYOxsJRtbdoBsT8vGvlb+799BrlGdYrd+oczIA2eN2JdWA==",
			"dev": true,
			"dependencies": {
				"glob": "^7.0.0",
				"interpret": "^1.0.0",
				"rechoir": "^0.6.2"
			},
			"bin": {
				"shjs": "bin/shjs"
			},
			"engines": {
				"iojs": "*",
				"node": ">=0.11.0"
			}
		},
		"node_modules/signal-exit": {
			"version": "3.0.7",
			"resolved": "https://registry.npmjs.org/signal-exit/-/signal-exit-3.0.7.tgz",
			"integrity": "sha512-wnD2ZE+l+SPC/uoS0vXeE9L1+0wuaMqKlfz9AMUo38JsyLSBWSFcHR1Rri62LZc12vLr1gb3jl7iwQhgwpAbGQ==",
			"dev": true
		},
		"node_modules/slash": {
			"version": "3.0.0",
			"resolved": "https://registry.npmjs.org/slash/-/slash-3.0.0.tgz",
			"integrity": "sha512-g9Q1haeby36OSStwb4ntCGGGaKsaVSjQ68fBxoQcutl5fS1vuY18H3wSt3jFyFtrkx+Kz0V1G85A4MyAdDMi2Q==",
			"dev": true,
			"engines": {
				"node": ">=8"
			}
		},
		"node_modules/string-argv": {
			"version": "0.3.2",
			"resolved": "https://registry.npmjs.org/string-argv/-/string-argv-0.3.2.tgz",
			"integrity": "sha512-aqD2Q0144Z+/RqG52NeHEkZauTAUWJO8c6yTftGJKO3Tja5tUgIfmIl6kExvhtxSDP7fXB6DvzkfMpCd/F3G+Q==",
			"dev": true,
			"engines": {
				"node": ">=0.6.19"
			}
		},
		"node_modules/string-width": {
			"version": "2.1.1",
			"resolved": "https://registry.npmjs.org/string-width/-/string-width-2.1.1.tgz",
			"integrity": "sha512-nOqH59deCq9SRHlxq1Aw85Jnt4w6KvLKqWVik6oA9ZklXLNIOlqg4F2yrT1MVaTjAqvVwdfeZ7w7aCvJD7ugkw==",
			"dev": true,
			"dependencies": {
				"is-fullwidth-code-point": "^2.0.0",
				"strip-ansi": "^4.0.0"
			},
			"engines": {
				"node": ">=4"
			}
		},
		"node_modules/strip-ansi": {
			"version": "4.0.0",
			"resolved": "https://registry.npmjs.org/strip-ansi/-/strip-ansi-4.0.0.tgz",
			"integrity": "sha512-4XaJ2zQdCzROZDivEVIDPkcQn8LMFSa8kj8Gxb/Lnwzv9A8VctNZ+lfivC/sV3ivW8ElJTERXZoPBRrZKkNKow==",
			"dev": true,
			"dependencies": {
				"ansi-regex": "^3.0.0"
			},
			"engines": {
				"node": ">=4"
			}
		},
		"node_modules/supports-color": {
			"version": "5.5.0",
			"resolved": "https://registry.npmjs.org/supports-color/-/supports-color-5.5.0.tgz",
			"integrity": "sha512-QjVjwdXIt408MIiAqCX4oUKsgU2EqAGzs2Ppkm4aQYbjm+ZEWEcW4SfFNTr4uMNZma0ey4f5lgLrkB0aX0QMow==",
			"dev": true,
			"dependencies": {
				"has-flag": "^3.0.0"
			},
			"engines": {
				"node": ">=4"
			}
		},
		"node_modules/supports-preserve-symlinks-flag": {
			"version": "1.0.0",
			"resolved": "https://registry.npmjs.org/supports-preserve-symlinks-flag/-/supports-preserve-symlinks-flag-1.0.0.tgz",
			"integrity": "sha512-ot0WnXS9fgdkgIcePe6RHNk1WA8+muPa6cSjeR3V8K27q9BB1rTE3R1p7Hv0z1ZyAc8s6Vvv8DIyWf681MAt0w==",
			"dev": true,
			"engines": {
				"node": ">= 0.4"
			},
			"funding": {
				"url": "https://github.com/sponsors/ljharb"
			}
		},
		"node_modules/through": {
			"version": "2.3.8",
			"resolved": "https://registry.npmjs.org/through/-/through-2.3.8.tgz",
			"integrity": "sha512-w89qg7PI8wAdvX60bMDP+bFoD5Dvhm9oLheFp5O4a2QF0cSBGsBX4qZmadPMvVqlLJBBci+WqGGOAPvcDeNSVg==",
			"dev": true
		},
		"node_modules/tmp": {
			"version": "0.0.33",
			"resolved": "https://registry.npmjs.org/tmp/-/tmp-0.0.33.tgz",
			"integrity": "sha512-jRCJlojKnZ3addtTOjdIqoRuPEKBvNXcGYqzO6zWZX8KfKEpnGY5jfggJQ3EjKuu8D4bJRr0y+cYJFmYbImXGw==",
			"dev": true,
			"dependencies": {
				"os-tmpdir": "~1.0.2"
			},
			"engines": {
				"node": ">=0.6.0"
			}
		},
		"node_modules/to-regex-range": {
			"version": "5.0.1",
			"resolved": "https://registry.npmjs.org/to-regex-range/-/to-regex-range-5.0.1.tgz",
			"integrity": "sha512-65P7iz6X5yEr1cwcgvQxbbIw7Uk3gOy5dIdtZ4rDveLqhrdJP+Li/Hx6tyK0NEb+2GCyneCMJiGqrADCSNk8sQ==",
			"dev": true,
			"dependencies": {
				"is-number": "^7.0.0"
			},
			"engines": {
				"node": ">=8.0"
			}
		},
		"node_modules/tslib": {
			"version": "1.14.1",
			"resolved": "https://registry.npmjs.org/tslib/-/tslib-1.14.1.tgz",
			"integrity": "sha512-Xni35NKzjgMrwevysHTCArtLDpPvye8zV/0E4EyYn43P7/7qvQwPh9BGkHewbMulVntbigmcT7rdX3BNo9wRJg==",
			"dev": true
		},
		"node_modules/type-detect": {
			"version": "4.1.0",
			"resolved": "https://registry.npmjs.org/type-detect/-/type-detect-4.1.0.tgz",
			"integrity": "sha512-Acylog8/luQ8L7il+geoSxhEkazvkslg7PSNKOX59mbB9cOveP5aq9h74Y7YU8yDpJwetzQQrfIwtf4Wp4LKcw==",
			"dev": true,
			"engines": {
				"node": ">=4"
			}
		},
		"node_modules/type-fest": {
			"version": "0.21.3",
			"resolved": "https://registry.npmjs.org/type-fest/-/type-fest-0.21.3.tgz",
			"integrity": "sha512-t0rzBq87m3fVcduHDUFhKmyyX+9eo6WQjZvf51Ea/M0Q7+T374Jp1aUiyUl0GKxp8M/OETVHSDvmkyPgvX+X2w==",
			"dev": true,
			"engines": {
				"node": ">=10"
			},
			"funding": {
				"url": "https://github.com/sponsors/sindresorhus"
			}
		},
		"node_modules/typical": {
			"version": "4.0.0",
			"resolved": "https://registry.npmjs.org/typical/-/typical-4.0.0.tgz",
			"integrity": "sha512-VAH4IvQ7BDFYglMd7BPRDfLgxZZX4O4TFcRDA6EN5X7erNJJq+McIEp8np9aVtxrCJ6qx4GTYVfOWNjcqwZgRw==",
			"dev": true,
			"engines": {
				"node": ">=8"
			}
		},
		"node_modules/version-bump-prompt": {
			"version": "6.1.0",
			"resolved": "https://registry.npmjs.org/version-bump-prompt/-/version-bump-prompt-6.1.0.tgz",
			"integrity": "sha512-GYC83GP8QOunWueKf2mbtZkdmisXhnBZPhIHWUmN/Yi4XXAQlIi9avM/IGWdI7KkJLfMENzGN1Xee+Zl3VJ5jg==",
			"dev": true,
			"dependencies": {
				"@jsdevtools/version-bump-prompt": "6.1.0"
			},
			"bin": {
				"bump": "bump.js"
			},
			"engines": {
				"node": ">=10"
			}
		},
		"node_modules/which": {
			"version": "2.0.2",
			"resolved": "https://registry.npmjs.org/which/-/which-2.0.2.tgz",
			"integrity": "sha512-BLI3Tl1TW3Pvl70l3yq3Y64i+awpwXqsGBYWkkqMtnbXgrMD+yj7rhW0kuEDxzJaYXGjEW5ogapKNMEKNMjibA==",
			"dev": true,
			"dependencies": {
				"isexe": "^2.0.0"
			},
			"bin": {
				"node-which": "bin/node-which"
			},
			"engines": {
				"node": ">= 8"
			}
		},
		"node_modules/wrappy": {
			"version": "1.0.2",
			"resolved": "https://registry.npmjs.org/wrappy/-/wrappy-1.0.2.tgz",
			"integrity": "sha512-l4Sp/DRseor9wL6EvV2+TuQn63dMkPjZ/sp9XkghTEbV9KlPS1xUsZ3u7/IQO4wxtcFB4bgpQPRcR3QCvezPcQ==",
			"dev": true
		}
	}
}
